
Microsoft Visual Studio Solution File, Format Version 12.00
# Visual Studio Version 17
VisualStudioVersion = 17.9.34616.47
MinimumVisualStudioVersion = 10.0.40219.1
Project("{FAE04EC0-301F-11D3-BF4B-00C04F79EFBC}") = "tpmod5_1302220151", "tpmod5_1302220151\tpmod5_1302220151.csproj", "{BA801E3B-8071-43A0-AABA-8813401EC413}"
EndProject
Global
	GlobalSection(SolutionConfigurationPlatforms) = preSolution
		Debug|Any CPU = Debug|Any CPU
		Release|Any CPU = Release|Any CPU
	EndGlobalSection
	GlobalSection(ProjectConfigurationPlatforms) = postSolution
		{BA801E3B-8071-43A0-AABA-8813401EC413}.Debug|Any CPU.ActiveCfg = Debug|Any CPU
		{BA801E3B-8071-43A0-AABA-8813401EC413}.Debug|Any CPU.Build.0 = Debug|Any CPU
		{BA801E3B-8071-43A0-AABA-8813401EC413}.Release|Any CPU.ActiveCfg = Release|Any CPU
		{BA801E3B-8071-43A0-AABA-8813401EC413}.Release|Any CPU.Build.0 = Release|Any CPU
	EndGlobalSection
	GlobalSection(SolutionProperties) = preSolution
		HideSolutionNode = FALSE
	EndGlobalSection
	GlobalSection(ExtensibilityGlobals) = postSolution
		SolutionGuid = {1487D8A1-4A66-458F-90C5-296F7B36C5A1}
	EndGlobalSection
EndGlobal
